
Microsoft Visual Studio Solution File, Format Version 12.00
Project("{FAE04EC0-301F-11D3-BF4B-00C04F79EFBC}") = "LibraryManagement.Console", "LibraryManagement.Console\LibraryManagement.Console.csproj", "{62AA13E3-4567-46B6-9CA2-D54EA2B61DDB}"
EndProject
Project("{FAE04EC0-301F-11D3-BF4B-00C04F79EFBC}") = "LibraryManagement.Core", "LibraryManagement.Core\LibraryManagement.Core.csproj", "{1F3E0652-8861-4C37-B182-C74C4411B855}"
EndProject
Project("{FAE04EC0-301F-11D3-BF4B-00C04F79EFBC}") = "LibraryManagement.Data", "LibraryManagement.Data\LibraryManagement.Data.csproj", "{AC5B3E2F-351A-4FB4-BC90-685079C1091F}"
EndProject
Project("{FAE04EC0-301F-11D3-BF4B-00C04F79EFBC}") = "LibraryManagement.Services", "LibraryManagement.Services\LibraryManagement.Services.csproj", "{A6650022-224A-453C-A0DF-4CC9DF29ACB5}"
EndProject
Project("{FAE04EC0-301F-11D3-BF4B-00C04F79EFBC}") = "LibraryManagement.Tests", "LibraryManagement.Tests\LibraryManagement.Tests.csproj", "{C72D5212-124C-4F64-8680-5A49D9E64CE7}"
EndProject
Global
	GlobalSection(SolutionConfigurationPlatforms) = preSolution
		Debug|Any CPU = Debug|Any CPU
		Release|Any CPU = Release|Any CPU
	EndGlobalSection
	GlobalSection(ProjectConfigurationPlatforms) = postSolution
		{62AA13E3-4567-46B6-9CA2-D54EA2B61DDB}.Debug|Any CPU.ActiveCfg = Debug|Any CPU
		{62AA13E3-4567-46B6-9CA2-D54EA2B61DDB}.Debug|Any CPU.Build.0 = Debug|Any CPU
		{62AA13E3-4567-46B6-9CA2-D54EA2B61DDB}.Release|Any CPU.ActiveCfg = Release|Any CPU
		{62AA13E3-4567-46B6-9CA2-D54EA2B61DDB}.Release|Any CPU.Build.0 = Release|Any CPU
		{1F3E0652-8861-4C37-B182-C74C4411B855}.Debug|Any CPU.ActiveCfg = Debug|Any CPU
		{1F3E0652-8861-4C37-B182-C74C4411B855}.Debug|Any CPU.Build.0 = Debug|Any CPU
		{1F3E0652-8861-4C37-B182-C74C4411B855}.Release|Any CPU.ActiveCfg = Release|Any CPU
		{1F3E0652-8861-4C37-B182-C74C4411B855}.Release|Any CPU.Build.0 = Release|Any CPU
		{AC5B3E2F-351A-4FB4-BC90-685079C1091F}.Debug|Any CPU.ActiveCfg = Debug|Any CPU
		{AC5B3E2F-351A-4FB4-BC90-685079C1091F}.Debug|Any CPU.Build.0 = Debug|Any CPU
		{AC5B3E2F-351A-4FB4-BC90-685079C1091F}.Release|Any CPU.ActiveCfg = Release|Any CPU
		{AC5B3E2F-351A-4FB4-BC90-685079C1091F}.Release|Any CPU.Build.0 = Release|Any CPU
		{A6650022-224A-453C-A0DF-4CC9DF29ACB5}.Debug|Any CPU.ActiveCfg = Debug|Any CPU
		{A6650022-224A-453C-A0DF-4CC9DF29ACB5}.Debug|Any CPU.Build.0 = Debug|Any CPU
		{A6650022-224A-453C-A0DF-4CC9DF29ACB5}.Release|Any CPU.ActiveCfg = Release|Any CPU
		{A6650022-224A-453C-A0DF-4CC9DF29ACB5}.Release|Any CPU.Build.0 = Release|Any CPU
		{C72D5212-124C-4F64-8680-5A49D9E64CE7}.Debug|Any CPU.ActiveCfg = Debug|Any CPU
		{C72D5212-124C-4F64-8680-5A49D9E64CE7}.Debug|Any CPU.Build.0 = Debug|Any CPU
		{C72D5212-124C-4F64-8680-5A49D9E64CE7}.Release|Any CPU.ActiveCfg = Release|Any CPU
		{C72D5212-124C-4F64-8680-5A49D9E64CE7}.Release|Any CPU.Build.0 = Release|Any CPU
	EndGlobalSection
EndGlobal
